
Microsoft Visual Studio Solution File, Format Version 12.00
# Visual Studio Version 17
VisualStudioVersion = 17.7.34221.43
MinimumVisualStudioVersion = 10.0.40219.1
Project("{54A90642-561A-4BB1-A94E-469ADEE60C69}") = "khabarthenewsapp", "KhabarTheNewsApp\khabarthenewsapp.esproj", "{8AE09356-BA93-4EBA-9E1F-955E7B3D0761}"
EndProject
Global
	GlobalSection(SolutionConfigurationPlatforms) = preSolution
		Debug|Any CPU = Debug|Any CPU
		Release|Any CPU = Release|Any CPU
	EndGlobalSection
	GlobalSection(ProjectConfigurationPlatforms) = postSolution
		{8AE09356-BA93-4EBA-9E1F-955E7B3D0761}.Debug|Any CPU.ActiveCfg = Debug|Any CPU
		{8AE09356-BA93-4EBA-9E1F-955E7B3D0761}.Debug|Any CPU.Build.0 = Debug|Any CPU
		{8AE09356-BA93-4EBA-9E1F-955E7B3D0761}.Debug|Any CPU.Deploy.0 = Debug|Any CPU
		{8AE09356-BA93-4EBA-9E1F-955E7B3D0761}.Release|Any CPU.ActiveCfg = Release|Any CPU
		{8AE09356-BA93-4EBA-9E1F-955E7B3D0761}.Release|Any CPU.Build.0 = Release|Any CPU
		{8AE09356-BA93-4EBA-9E1F-955E7B3D0761}.Release|Any CPU.Deploy.0 = Release|Any CPU
	EndGlobalSection
	GlobalSection(SolutionProperties) = preSolution
		HideSolutionNode = FALSE
	EndGlobalSection
	GlobalSection(ExtensibilityGlobals) = postSolution
		SolutionGuid = {C5341BE2-3587-47EF-9E33-1C3C60F5E772}
	EndGlobalSection
EndGlobal
